
Microsoft Visual Studio Solution File, Format Version 12.00
# Visual Studio Version 17
VisualStudioVersion = 17.3.32929.385
MinimumVisualStudioVersion = 10.0.40219.1
Project("{2150E333-8FDC-42A3-9474-1A3956D46DE8}") = "msbuild props", "msbuild props", "{56D810EE-36AC-490F-A762-252628F8A9F6}"
	ProjectSection(SolutionItems) = preProject
		.msvc\All.Compile.props = .msvc\All.Compile.props
		.msvc\Application.Configuration.props = .msvc\Application.Configuration.props
		.msvc\Base.Compile.props = .msvc\Base.Compile.props
		.msvc\Base.Configuration.props = .msvc\Base.Configuration.props
		.msvc\Base.Globals.props = .msvc\Base.Globals.props
		.msvc\Base.Link.props = .msvc\Base.Link.props
		.msvc\Base.Targets.props = .msvc\Base.Targets.props
		.msvc\Debug.Compile.props = .msvc\Debug.Compile.props
		.msvc\Debug.Configuration.props = .msvc\Debug.Configuration.props
		.msvc\FastDebug.Compile.props = .msvc\FastDebug.Compile.props
		.msvc\Release.Compile.props = .msvc\Release.Compile.props
		.msvc\Release.Configuration.props = .msvc\Release.Configuration.props
		.msvc\Release.Link.props = .msvc\Release.Link.props
		.msvc\StaticLibrary.Configuration.props = .msvc\StaticLibrary.Configuration.props
	EndProjectSection
EndProject
Project("{8BC9CEB8-8B4A-11D0-8D11-00A0C91BC942}") = "common", "code\common\common.vcxproj", "{3024747D-56A5-4B76-835A-12C3899004A7}"
EndProject
Project("{8BC9CEB8-8B4A-11D0-8D11-00A0C91BC942}") = "opencloud2", "code\dc2\opencloud2.vcxproj", "{DC4A4239-8C6B-42DD-9612-999041EE0B5C}"
EndProject
Project("{2150E333-8FDC-42A3-9474-1A3956D46DE8}") = "external", "external", "{B7584972-373B-4199-A285-5CCD599277EE}"
	ProjectSection(SolutionItems) = preProject
		external\wil.exports.props = external\wil.exports.props
	EndProjectSection
EndProject
Project("{8BC9CEB8-8B4A-11D0-8D11-00A0C91BC942}") = "fmt", "external\fmt.vcxproj", "{3BADAE77-7397-46D5-8FA7-D72B3C216CF0}"
EndProject
Project("{2150E333-8FDC-42A3-9474-1A3956D46DE8}") = "misc", "misc", "{189CD55B-0F7A-469D-BD55-459A8C0ECCEC}"
	ProjectSection(SolutionItems) = preProject
		.gitattributes = .gitattributes
		.gitignore = .gitignore
		.github\workflows\msbuild.yml = .github\workflows\msbuild.yml
	EndProjectSection
EndProject
Project("{2150E333-8FDC-42A3-9474-1A3956D46DE8}") = "projects", "projects", "{5B4BAF44-C9E2-449A-86B5-DE883F2E2919}"
EndProject
Project("{8BC9CEB8-8B4A-11D0-8D11-00A0C91BC942}") = "host", "code\host\host.vcxproj", "{7370DD41-9528-46EE-AD33-EDC26F7C4327}"
EndProject
Project("{2150E333-8FDC-42A3-9474-1A3956D46DE8}") = "test", "test", "{4022D7E3-270B-45B2-8F07-7531A351FF49}"
EndProject
Project("{8BC9CEB8-8B4A-11D0-8D11-00A0C91BC942}") = "common-test", "test\common-test\common-test.vcxproj", "{A94524A6-D910-4E24-8716-64A2C19850D8}"
EndProject
Project("{8BC9CEB8-8B4A-11D0-8D11-00A0C91BC942}") = "game-test", "test\game-test\game-test.vcxproj", "{84CC4CEC-00B9-47D2-9790-4CE281F7E7FE}"
EndProject
Project("{2150E333-8FDC-42A3-9474-1A3956D46DE8}") = "tools", "tools", "{D35920D6-291D-454E-8311-8AC7CD2C2D13}"
EndProject
Project("{8BC9CEB8-8B4A-11D0-8D11-00A0C91BC942}") = "conda", "conda\conda.vcxproj", "{CB2DFB73-AE82-46CE-A1A6-F38C41BF1E99}"
EndProject
Project("{8BC9CEB8-8B4A-11D0-8D11-00A0C91BC942}") = "script", "code\script\script.vcxproj", "{98B893CD-0324-441E-8EBA-0267427E25C1}"
EndProject
Project("{8BC9CEB8-8B4A-11D0-8D11-00A0C91BC942}") = "graph", "code\graph\graph.vcxproj", "{01A149AB-39A3-4F54-A023-832781A21D1F}"
EndProject
Global
	GlobalSection(SolutionConfigurationPlatforms) = preSolution
		Debug|x64 = Debug|x64
		FastDebug|x64 = FastDebug|x64
		Release|x64 = Release|x64
	EndGlobalSection
	GlobalSection(ProjectConfigurationPlatforms) = postSolution
		{3024747D-56A5-4B76-835A-12C3899004A7}.Debug|x64.ActiveCfg = Debug|x64
		{3024747D-56A5-4B76-835A-12C3899004A7}.Debug|x64.Build.0 = Debug|x64
		{3024747D-56A5-4B76-835A-12C3899004A7}.FastDebug|x64.ActiveCfg = FastDebug|x64
		{3024747D-56A5-4B76-835A-12C3899004A7}.FastDebug|x64.Build.0 = FastDebug|x64
		{3024747D-56A5-4B76-835A-12C3899004A7}.Release|x64.ActiveCfg = Release|x64
		{3024747D-56A5-4B76-835A-12C3899004A7}.Release|x64.Build.0 = Release|x64
		{DC4A4239-8C6B-42DD-9612-999041EE0B5C}.Debug|x64.ActiveCfg = Debug|x64
		{DC4A4239-8C6B-42DD-9612-999041EE0B5C}.Debug|x64.Build.0 = Debug|x64
		{DC4A4239-8C6B-42DD-9612-999041EE0B5C}.FastDebug|x64.ActiveCfg = FastDebug|x64
		{DC4A4239-8C6B-42DD-9612-999041EE0B5C}.FastDebug|x64.Build.0 = FastDebug|x64
		{DC4A4239-8C6B-42DD-9612-999041EE0B5C}.Release|x64.ActiveCfg = Release|x64
		{DC4A4239-8C6B-42DD-9612-999041EE0B5C}.Release|x64.Build.0 = Release|x64
		{3BADAE77-7397-46D5-8FA7-D72B3C216CF0}.Debug|x64.ActiveCfg = Debug|x64
		{3BADAE77-7397-46D5-8FA7-D72B3C216CF0}.Debug|x64.Build.0 = Debug|x64
		{3BADAE77-7397-46D5-8FA7-D72B3C216CF0}.FastDebug|x64.ActiveCfg = FastDebug|x64
		{3BADAE77-7397-46D5-8FA7-D72B3C216CF0}.FastDebug|x64.Build.0 = FastDebug|x64
		{3BADAE77-7397-46D5-8FA7-D72B3C216CF0}.Release|x64.ActiveCfg = Release|x64
		{3BADAE77-7397-46D5-8FA7-D72B3C216CF0}.Release|x64.Build.0 = Release|x64
		{7370DD41-9528-46EE-AD33-EDC26F7C4327}.Debug|x64.ActiveCfg = Debug|x64
		{7370DD41-9528-46EE-AD33-EDC26F7C4327}.Debug|x64.Build.0 = Debug|x64
		{7370DD41-9528-46EE-AD33-EDC26F7C4327}.FastDebug|x64.ActiveCfg = FastDebug|x64
		{7370DD41-9528-46EE-AD33-EDC26F7C4327}.FastDebug|x64.Build.0 = FastDebug|x64
		{7370DD41-9528-46EE-AD33-EDC26F7C4327}.Release|x64.ActiveCfg = Release|x64
		{7370DD41-9528-46EE-AD33-EDC26F7C4327}.Release|x64.Build.0 = Release|x64
		{A94524A6-D910-4E24-8716-64A2C19850D8}.Debug|x64.ActiveCfg = Debug|x64
		{A94524A6-D910-4E24-8716-64A2C19850D8}.Debug|x64.Build.0 = Debug|x64
		{A94524A6-D910-4E24-8716-64A2C19850D8}.FastDebug|x64.ActiveCfg = FastDebug|x64
		{A94524A6-D910-4E24-8716-64A2C19850D8}.FastDebug|x64.Build.0 = FastDebug|x64
		{A94524A6-D910-4E24-8716-64A2C19850D8}.Release|x64.ActiveCfg = Release|x64
		{A94524A6-D910-4E24-8716-64A2C19850D8}.Release|x64.Build.0 = Release|x64
		{84CC4CEC-00B9-47D2-9790-4CE281F7E7FE}.Debug|x64.ActiveCfg = Debug|x64
		{84CC4CEC-00B9-47D2-9790-4CE281F7E7FE}.Debug|x64.Build.0 = Debug|x64
		{84CC4CEC-00B9-47D2-9790-4CE281F7E7FE}.FastDebug|x64.ActiveCfg = FastDebug|x64
		{84CC4CEC-00B9-47D2-9790-4CE281F7E7FE}.FastDebug|x64.Build.0 = FastDebug|x64
		{84CC4CEC-00B9-47D2-9790-4CE281F7E7FE}.Release|x64.ActiveCfg = Release|x64
		{84CC4CEC-00B9-47D2-9790-4CE281F7E7FE}.Release|x64.Build.0 = Release|x64
		{CB2DFB73-AE82-46CE-A1A6-F38C41BF1E99}.Debug|x64.ActiveCfg = Debug|x64
		{CB2DFB73-AE82-46CE-A1A6-F38C41BF1E99}.Debug|x64.Build.0 = Debug|x64
		{CB2DFB73-AE82-46CE-A1A6-F38C41BF1E99}.FastDebug|x64.ActiveCfg = FastDebug|x64
		{CB2DFB73-AE82-46CE-A1A6-F38C41BF1E99}.FastDebug|x64.Build.0 = FastDebug|x64
		{CB2DFB73-AE82-46CE-A1A6-F38C41BF1E99}.Release|x64.ActiveCfg = Release|x64
		{CB2DFB73-AE82-46CE-A1A6-F38C41BF1E99}.Release|x64.Build.0 = Release|x64
		{98B893CD-0324-441E-8EBA-0267427E25C1}.Debug|x64.ActiveCfg = Debug|x64
		{98B893CD-0324-441E-8EBA-0267427E25C1}.Debug|x64.Build.0 = Debug|x64
		{98B893CD-0324-441E-8EBA-0267427E25C1}.FastDebug|x64.ActiveCfg = FastDebug|x64
		{98B893CD-0324-441E-8EBA-0267427E25C1}.FastDebug|x64.Build.0 = FastDebug|x64
		{98B893CD-0324-441E-8EBA-0267427E25C1}.Release|x64.ActiveCfg = Release|x64
		{98B893CD-0324-441E-8EBA-0267427E25C1}.Release|x64.Build.0 = Release|x64
		{01A149AB-39A3-4F54-A023-832781A21D1F}.Debug|x64.ActiveCfg = Debug|x64
		{01A149AB-39A3-4F54-A023-832781A21D1F}.Debug|x64.Build.0 = Debug|x64
		{01A149AB-39A3-4F54-A023-832781A21D1F}.FastDebug|x64.ActiveCfg = FastDebug|x64
		{01A149AB-39A3-4F54-A023-832781A21D1F}.FastDebug|x64.Build.0 = FastDebug|x64
		{01A149AB-39A3-4F54-A023-832781A21D1F}.Release|x64.ActiveCfg = Release|x64
		{01A149AB-39A3-4F54-A023-832781A21D1F}.Release|x64.Build.0 = Release|x64
	EndGlobalSection
	GlobalSection(SolutionProperties) = preSolution
		HideSolutionNode = FALSE
	EndGlobalSection
	GlobalSection(NestedProjects) = preSolution
		{3024747D-56A5-4B76-835A-12C3899004A7} = {5B4BAF44-C9E2-449A-86B5-DE883F2E2919}
		{DC4A4239-8C6B-42DD-9612-999041EE0B5C} = {5B4BAF44-C9E2-449A-86B5-DE883F2E2919}
		{3BADAE77-7397-46D5-8FA7-D72B3C216CF0} = {B7584972-373B-4199-A285-5CCD599277EE}
		{A94524A6-D910-4E24-8716-64A2C19850D8} = {4022D7E3-270B-45B2-8F07-7531A351FF49}
		{84CC4CEC-00B9-47D2-9790-4CE281F7E7FE} = {4022D7E3-270B-45B2-8F07-7531A351FF49}
		{CB2DFB73-AE82-46CE-A1A6-F38C41BF1E99} = {D35920D6-291D-454E-8311-8AC7CD2C2D13}
		{98B893CD-0324-441E-8EBA-0267427E25C1} = {5B4BAF44-C9E2-449A-86B5-DE883F2E2919}
		{01A149AB-39A3-4F54-A023-832781A21D1F} = {5B4BAF44-C9E2-449A-86B5-DE883F2E2919}
	EndGlobalSection
	GlobalSection(ExtensibilityGlobals) = postSolution
		SolutionGuid = {81C91EE3-8C0D-44FC-A3A6-F4D80A915E56}
	EndGlobalSection
EndGlobal
